
Microsoft Visual Studio Solution File, Format Version 12.00
# Visual Studio Version 16
VisualStudioVersion = 16.0.30503.244
MinimumVisualStudioVersion = 10.0.40219.1
Project("{9A19103F-16F7-4668-BE54-9A1E7A4F7556}") = "StatusbarXamarin", "StatusbarXamarin\StatusbarXamarin\StatusbarXamarin.csproj", "{8BE4F5D7-C3CB-4A93-A0E5-937A433359ED}"
EndProject
Project("{FAE04EC0-301F-11D3-BF4B-00C04F79EFBC}") = "StatusbarXamarin.Android", "StatusbarXamarin\StatusbarXamarin.Android\StatusbarXamarin.Android.csproj", "{46820145-7757-4923-964D-589F12D69FB8}"
EndProject
Project("{FAE04EC0-301F-11D3-BF4B-00C04F79EFBC}") = "StatusbarXamarin.iOS", "StatusbarXamarin\StatusbarXamarin.iOS\StatusbarXamarin.iOS.csproj", "{24535A9E-594F-4910-8944-FDE16101F70C}"
EndProject
Global
	GlobalSection(SolutionConfigurationPlatforms) = preSolution
		Ad-Hoc|Any CPU = Ad-Hoc|Any CPU
		Ad-Hoc|iPhone = Ad-Hoc|iPhone
		Ad-Hoc|iPhoneSimulator = Ad-Hoc|iPhoneSimulator
		AppStore|Any CPU = AppStore|Any CPU
		AppStore|iPhone = AppStore|iPhone
		AppStore|iPhoneSimulator = AppStore|iPhoneSimulator
		Debug|Any CPU = Debug|Any CPU
		Debug|iPhone = Debug|iPhone
		Debug|iPhoneSimulator = Debug|iPhoneSimulator
		Release|Any CPU = Release|Any CPU
		Release|iPhone = Release|iPhone
		Release|iPhoneSimulator = Release|iPhoneSimulator
	EndGlobalSection
	GlobalSection(ProjectConfigurationPlatforms) = postSolution
		{8BE4F5D7-C3CB-4A93-A0E5-937A433359ED}.Ad-Hoc|Any CPU.ActiveCfg = Release|Any CPU
		{8BE4F5D7-C3CB-4A93-A0E5-937A433359ED}.Ad-Hoc|Any CPU.Build.0 = Release|Any CPU
		{8BE4F5D7-C3CB-4A93-A0E5-937A433359ED}.Ad-Hoc|iPhone.ActiveCfg = Release|Any CPU
		{8BE4F5D7-C3CB-4A93-A0E5-937A433359ED}.Ad-Hoc|iPhone.Build.0 = Release|Any CPU
		{8BE4F5D7-C3CB-4A93-A0E5-937A433359ED}.Ad-Hoc|iPhoneSimulator.ActiveCfg = Release|Any CPU
		{8BE4F5D7-C3CB-4A93-A0E5-937A433359ED}.Ad-Hoc|iPhoneSimulator.Build.0 = Release|Any CPU
		{8BE4F5D7-C3CB-4A93-A0E5-937A433359ED}.AppStore|Any CPU.ActiveCfg = Release|Any CPU
		{8BE4F5D7-C3CB-4A93-A0E5-937A433359ED}.AppStore|Any CPU.Build.0 = Release|Any CPU
		{8BE4F5D7-C3CB-4A93-A0E5-937A433359ED}.AppStore|iPhone.ActiveCfg = Release|Any CPU
		{8BE4F5D7-C3CB-4A93-A0E5-937A433359ED}.AppStore|iPhone.Build.0 = Release|Any CPU
		{8BE4F5D7-C3CB-4A93-A0E5-937A433359ED}.AppStore|iPhoneSimulator.ActiveCfg = Release|Any CPU
		{8BE4F5D7-C3CB-4A93-A0E5-937A433359ED}.AppStore|iPhoneSimulator.Build.0 = Release|Any CPU
		{8BE4F5D7-C3CB-4A93-A0E5-937A433359ED}.Debug|Any CPU.ActiveCfg = Debug|Any CPU
		{8BE4F5D7-C3CB-4A93-A0E5-937A433359ED}.Debug|Any CPU.Build.0 = Debug|Any CPU
		{8BE4F5D7-C3CB-4A93-A0E5-937A433359ED}.Debug|iPhone.ActiveCfg = Debug|Any CPU
		{8BE4F5D7-C3CB-4A93-A0E5-937A433359ED}.Debug|iPhone.Build.0 = Debug|Any CPU
		{8BE4F5D7-C3CB-4A93-A0E5-937A433359ED}.Debug|iPhoneSimulator.ActiveCfg = Debug|Any CPU
		{8BE4F5D7-C3CB-4A93-A0E5-937A433359ED}.Debug|iPhoneSimulator.Build.0 = Debug|Any CPU
		{8BE4F5D7-C3CB-4A93-A0E5-937A433359ED}.Release|Any CPU.ActiveCfg = Release|Any CPU
		{8BE4F5D7-C3CB-4A93-A0E5-937A433359ED}.Release|Any CPU.Build.0 = Release|Any CPU
		{8BE4F5D7-C3CB-4A93-A0E5-937A433359ED}.Release|iPhone.ActiveCfg = Release|Any CPU
		{8BE4F5D7-C3CB-4A93-A0E5-937A433359ED}.Release|iPhone.Build.0 = Release|Any CPU
		{8BE4F5D7-C3CB-4A93-A0E5-937A433359ED}.Release|iPhoneSimulator.ActiveCfg = Release|Any CPU
		{8BE4F5D7-C3CB-4A93-A0E5-937A433359ED}.Release|iPhoneSimulator.Build.0 = Release|Any CPU
		{46820145-7757-4923-964D-589F12D69FB8}.Ad-Hoc|Any CPU.ActiveCfg = Debug|Any CPU
		{46820145-7757-4923-964D-589F12D69FB8}.Ad-Hoc|Any CPU.Build.0 = Debug|Any CPU
		{46820145-7757-4923-964D-589F12D69FB8}.Ad-Hoc|Any CPU.Deploy.0 = Debug|Any CPU
		{46820145-7757-4923-964D-589F12D69FB8}.Ad-Hoc|iPhone.ActiveCfg = Debug|Any CPU
		{46820145-7757-4923-964D-589F12D69FB8}.Ad-Hoc|iPhone.Build.0 = Debug|Any CPU
		{46820145-7757-4923-964D-589F12D69FB8}.Ad-Hoc|iPhone.Deploy.0 = Debug|Any CPU
		{46820145-7757-4923-964D-589F12D69FB8}.Ad-Hoc|iPhoneSimulator.ActiveCfg = Debug|Any CPU
		{46820145-7757-4923-964D-589F12D69FB8}.Ad-Hoc|iPhoneSimulator.Build.0 = Debug|Any CPU
		{46820145-7757-4923-964D-589F12D69FB8}.Ad-Hoc|iPhoneSimulator.Deploy.0 = Debug|Any CPU
		{46820145-7757-4923-964D-589F12D69FB8}.AppStore|Any CPU.ActiveCfg = Debug|Any CPU
		{46820145-7757-4923-964D-589F12D69FB8}.AppStore|Any CPU.Build.0 = Debug|Any CPU
		{46820145-7757-4923-964D-589F12D69FB8}.AppStore|Any CPU.Deploy.0 = Debug|Any CPU
		{46820145-7757-4923-964D-589F12D69FB8}.AppStore|iPhone.ActiveCfg = Debug|Any CPU
		{46820145-7757-4923-964D-589F12D69FB8}.AppStore|iPhone.Build.0 = Debug|Any CPU
		{46820145-7757-4923-964D-589F12D69FB8}.AppStore|iPhone.Deploy.0 = Debug|Any CPU
		{46820145-7757-4923-964D-589F12D69FB8}.AppStore|iPhoneSimulator.ActiveCfg = Debug|Any CPU
		{46820145-7757-4923-964D-589F12D69FB8}.AppStore|iPhoneSimulator.Build.0 = Debug|Any CPU
		{46820145-7757-4923-964D-589F12D69FB8}.AppStore|iPhoneSimulator.Deploy.0 = Debug|Any CPU
		{46820145-7757-4923-964D-589F12D69FB8}.Debug|Any CPU.ActiveCfg = Debug|Any CPU
		{46820145-7757-4923-964D-589F12D69FB8}.Debug|Any CPU.Build.0 = Debug|Any CPU
		{46820145-7757-4923-964D-589F12D69FB8}.Debug|Any CPU.Deploy.0 = Debug|Any CPU
		{46820145-7757-4923-964D-589F12D69FB8}.Debug|iPhone.ActiveCfg = Debug|Any CPU
		{46820145-7757-4923-964D-589F12D69FB8}.Debug|iPhone.Build.0 = Debug|Any CPU
		{46820145-7757-4923-964D-589F12D69FB8}.Debug|iPhone.Deploy.0 = Debug|Any CPU
		{46820145-7757-4923-964D-589F12D69FB8}.Debug|iPhoneSimulator.ActiveCfg = Debug|Any CPU
		{46820145-7757-4923-964D-589F12D69FB8}.Debug|iPhoneSimulator.Build.0 = Debug|Any CPU
		{46820145-7757-4923-964D-589F12D69FB8}.Debug|iPhoneSimulator.Deploy.0 = Debug|Any CPU
		{46820145-7757-4923-964D-589F12D69FB8}.Release|Any CPU.ActiveCfg = Release|Any CPU
		{46820145-7757-4923-964D-589F12D69FB8}.Release|Any CPU.Build.0 = Release|Any CPU
		{46820145-7757-4923-964D-589F12D69FB8}.Release|Any CPU.Deploy.0 = Release|Any CPU
		{46820145-7757-4923-964D-589F12D69FB8}.Release|iPhone.ActiveCfg = Release|Any CPU
		{46820145-7757-4923-964D-589F12D69FB8}.Release|iPhone.Build.0 = Release|Any CPU
		{46820145-7757-4923-964D-589F12D69FB8}.Release|iPhone.Deploy.0 = Release|Any CPU
		{46820145-7757-4923-964D-589F12D69FB8}.Release|iPhoneSimulator.ActiveCfg = Release|Any CPU
		{46820145-7757-4923-964D-589F12D69FB8}.Release|iPhoneSimulator.Build.0 = Release|Any CPU
		{46820145-7757-4923-964D-589F12D69FB8}.Release|iPhoneSimulator.Deploy.0 = Release|Any CPU
		{24535A9E-594F-4910-8944-FDE16101F70C}.Ad-Hoc|Any CPU.ActiveCfg = Ad-Hoc|iPhoneSimulator
		{24535A9E-594F-4910-8944-FDE16101F70C}.Ad-Hoc|iPhone.ActiveCfg = Ad-Hoc|iPhone
		{24535A9E-594F-4910-8944-FDE16101F70C}.Ad-Hoc|iPhone.Build.0 = Ad-Hoc|iPhone
		{24535A9E-594F-4910-8944-FDE16101F70C}.Ad-Hoc|iPhoneSimulator.ActiveCfg = Ad-Hoc|iPhoneSimulator
		{24535A9E-594F-4910-8944-FDE16101F70C}.Ad-Hoc|iPhoneSimulator.Build.0 = Ad-Hoc|iPhoneSimulator
		{24535A9E-594F-4910-8944-FDE16101F70C}.AppStore|Any CPU.ActiveCfg = AppStore|iPhoneSimulator
		{24535A9E-594F-4910-8944-FDE16101F70C}.AppStore|iPhone.ActiveCfg = AppStore|iPhone
		{24535A9E-594F-4910-8944-FDE16101F70C}.AppStore|iPhone.Build.0 = AppStore|iPhone
		{24535A9E-594F-4910-8944-FDE16101F70C}.AppStore|iPhoneSimulator.ActiveCfg = AppStore|iPhoneSimulator
		{24535A9E-594F-4910-8944-FDE16101F70C}.AppStore|iPhoneSimulator.Build.0 = AppStore|iPhoneSimulator
		{24535A9E-594F-4910-8944-FDE16101F70C}.Debug|Any CPU.ActiveCfg = Debug|iPhoneSimulator
		{24535A9E-594F-4910-8944-FDE16101F70C}.Debug|iPhone.ActiveCfg = Debug|iPhone
		{24535A9E-594F-4910-8944-FDE16101F70C}.Debug|iPhone.Build.0 = Debug|iPhone
		{24535A9E-594F-4910-8944-FDE16101F70C}.Debug|iPhone.Deploy.0 = Debug|iPhone
		{24535A9E-594F-4910-8944-FDE16101F70C}.Debug|iPhoneSimulator.ActiveCfg = Debug|iPhoneSimulator
		{24535A9E-594F-4910-8944-FDE16101F70C}.Debug|iPhoneSimulator.Build.0 = Debug|iPhoneSimulator
		{24535A9E-594F-4910-8944-FDE16101F70C}.Release|Any CPU.ActiveCfg = Release|iPhoneSimulator
		{24535A9E-594F-4910-8944-FDE16101F70C}.Release|iPhone.ActiveCfg = Release|iPhone
		{24535A9E-594F-4910-8944-FDE16101F70C}.Release|iPhone.Build.0 = Release|iPhone
		{24535A9E-594F-4910-8944-FDE16101F70C}.Release|iPhoneSimulator.ActiveCfg = Release|iPhoneSimulator
		{24535A9E-594F-4910-8944-FDE16101F70C}.Release|iPhoneSimulator.Build.0 = Release|iPhoneSimulator
	EndGlobalSection
	GlobalSection(SolutionProperties) = preSolution
		HideSolutionNode = FALSE
	EndGlobalSection
	GlobalSection(ExtensibilityGlobals) = postSolution
		SolutionGuid = {41CD4AA9-92A2-4853-B878-0CA84D372D8A}
	EndGlobalSection
EndGlobal
